// !$*UTF8*$!
{
	archiveVersion = 1;
	classes = {
	};
	objectVersion = 46;
	objects = {

/* Begin PBXBuildFile section */
		B50276A71E3CF20D002C46B1 /* RKHealth.h in Headers */ = {isa = PBXBuildFile; fileRef = B50276A61E3CF20D002C46B1 /* RKHealth.h */; };
		B50276AB1E3CFC19002C46B1 /* RKHealthRelayTweeta.h in Headers */ = {isa = PBXBuildFile; fileRef = B50276AA1E3CFC19002C46B1 /* RKHealthRelayTweeta.h */; };
		B508EA721FB3FC6500A6A83C /* libRadarKit.a in Frameworks */ = {isa = PBXBuildFile; fileRef = B5324D4F1AB8A5A000C00517 /* libRadarKit.a */; };
		B508EA761FB7AABA00A6A83C /* RKPulseRingFilter.h in Headers */ = {isa = PBXBuildFile; fileRef = B508EA751FB7AAB900A6A83C /* RKPulseRingFilter.h */; };
		B508EA781FB7AAD500A6A83C /* RKPulseRingFilter.c in Sources */ = {isa = PBXBuildFile; fileRef = B508EA771FB7AAD500A6A83C /* RKPulseRingFilter.c */; };
		B525FEF41FB0B6A400C5195C /* RKMisc.c in Sources */ = {isa = PBXBuildFile; fileRef = B525FEF31FB0B6A400C5195C /* RKMisc.c */; };
		B525FEF61FB0B6B800C5195C /* RadarKit.c in Sources */ = {isa = PBXBuildFile; fileRef = B525FEF51FB0B6B800C5195C /* RadarKit.c */; };
		B528D9621E74EE8100A7328F /* RKFileManager.h in Headers */ = {isa = PBXBuildFile; fileRef = B528D9611E74EE8100A7328F /* RKFileManager.h */; };
		B52E45C31D91749C00FC1113 /* RKMoment.h in Headers */ = {isa = PBXBuildFile; fileRef = B52E45C21D91749C00FC1113 /* RKMoment.h */; settings = {ATTRIBUTES = (Public, ); }; };
		B5324DE11AB8DA0800C00517 /* RKClient.h in Headers */ = {isa = PBXBuildFile; fileRef = B5324DDA1AB8D9F100C00517 /* RKClient.h */; settings = {ATTRIBUTES = (Public, ); }; };
		B5324DE21AB8DA0800C00517 /* RKFoundation.h in Headers */ = {isa = PBXBuildFile; fileRef = B5324DDB1AB8D9F100C00517 /* RKFoundation.h */; settings = {ATTRIBUTES = (Public, ); }; };
		B5324DE31AB8DA0800C00517 /* RKNetwork.h in Headers */ = {isa = PBXBuildFile; fileRef = B5324DDC1AB8D9F100C00517 /* RKNetwork.h */; settings = {ATTRIBUTES = (Public, ); }; };
		B5324DE41AB8DA0800C00517 /* RKRadar.h in Headers */ = {isa = PBXBuildFile; fileRef = B5324DDD1AB8D9F100C00517 /* RKRadar.h */; settings = {ATTRIBUTES = (Public, ); }; };
		B5324DE51AB8DA0800C00517 /* RKServer.h in Headers */ = {isa = PBXBuildFile; fileRef = B5324DDE1AB8D9F100C00517 /* RKServer.h */; settings = {ATTRIBUTES = (Public, ); }; };
		B5324DE61AB8DA0800C00517 /* RKTypes.h in Headers */ = {isa = PBXBuildFile; fileRef = B5324DDF1AB8D9F100C00517 /* RKTypes.h */; settings = {ATTRIBUTES = (Public, ); }; };
		B5377DC62041C18C00972E41 /* RKHostMonitor.h in Headers */ = {isa = PBXBuildFile; fileRef = B5377DC52041C18C00972E41 /* RKHostMonitor.h */; };
		B5377DC82041C1B900972E41 /* RKHostMonitor.c in Sources */ = {isa = PBXBuildFile; fileRef = B5377DC72041C1B900972E41 /* RKHostMonitor.c */; };
		B53AE7ED1D88824400364467 /* RKMisc.h in Headers */ = {isa = PBXBuildFile; fileRef = B53AE7EC1D88824400364467 /* RKMisc.h */; settings = {ATTRIBUTES = (Public, ); }; };
		B5483510216B9E280066FA0D /* RKSpectralMoment.h in Headers */ = {isa = PBXBuildFile; fileRef = B548350F216B9E280066FA0D /* RKSpectralMoment.h */; };
		B5483512216B9E8F0066FA0D /* RKSpectralMoment.c in Sources */ = {isa = PBXBuildFile; fileRef = B5483511216B9E8F0066FA0D /* RKSpectralMoment.c */; };
		B55E437D1DB66682003C40CF /* RKSIMD.h in Headers */ = {isa = PBXBuildFile; fileRef = B55E437C1DB66682003C40CF /* RKSIMD.h */; };
		B55F5F1A1E2C8F9600FA8B2E /* RKSweep.h in Headers */ = {isa = PBXBuildFile; fileRef = B55F5F191E2C8F9600FA8B2E /* RKSweep.h */; };
		B55F5F271E2D206300FA8B2E /* RKConfig.h in Headers */ = {isa = PBXBuildFile; fileRef = B55F5F261E2D206300FA8B2E /* RKConfig.h */; };
		B565B5351E5A3838000C8503 /* RKPreference.h in Headers */ = {isa = PBXBuildFile; fileRef = B565B5341E5A3838000C8503 /* RKPreference.h */; };
		B565B53D1E5A3988000C8503 /* RKTemplate.h in Headers */ = {isa = PBXBuildFile; fileRef = B565B53C1E5A3988000C8503 /* RKTemplate.h */; };
		B565B5401E5A3E23000C8503 /* RKWaveform.h in Headers */ = {isa = PBXBuildFile; fileRef = B565B53F1E5A3E23000C8503 /* RKWaveform.h */; };
		B565B5451E5A4623000C8503 /* bessi.c in Sources */ = {isa = PBXBuildFile; fileRef = B565B5441E5A4623000C8503 /* bessi.c */; };
		B56A750B20BB01C500E8B6E9 /* libRadarKit.a in Frameworks */ = {isa = PBXBuildFile; fileRef = B5324D4F1AB8A5A000C00517 /* libRadarKit.a */; };
		B59471911D89B4D400EEE77C /* RadarKit.h in Headers */ = {isa = PBXBuildFile; fileRef = B59471901D89B4D400EEE77C /* RadarKit.h */; settings = {ATTRIBUTES = (Public, ); }; };
		B5B2058920E43118007D48E0 /* RKSweepFile.h in Headers */ = {isa = PBXBuildFile; fileRef = B5B2058820E43117007D48E0 /* RKSweepFile.h */; };
		B5B2058B20E43128007D48E0 /* RKSweepFile.c in Sources */ = {isa = PBXBuildFile; fileRef = B5B2058A20E43128007D48E0 /* RKSweepFile.c */; };
		B5B5196C1DCA87BD00470924 /* RKPulsePair.h in Headers */ = {isa = PBXBuildFile; fileRef = B5B5196B1DCA87BD00470924 /* RKPulsePair.h */; };
		B5B675581EB0DFAB001BD68D /* RKHealthLogger.h in Headers */ = {isa = PBXBuildFile; fileRef = B5B675571EB0DFAB001BD68D /* RKHealthLogger.h */; };
		B5C1F3531AB9C917004F88CD /* RKPulseCompression.h in Headers */ = {isa = PBXBuildFile; fileRef = B5C1F3501AB9C917004F88CD /* RKPulseCompression.h */; settings = {ATTRIBUTES = (Public, ); }; };
		B5C1F3581AB9CB69004F88CD /* RKWindow.h in Headers */ = {isa = PBXBuildFile; fileRef = B5C1F3551AB9CB69004F88CD /* RKWindow.h */; settings = {ATTRIBUTES = (Public, ); }; };
		B5C1F35D1AB9CBAA004F88CD /* RKDSP.h in Headers */ = {isa = PBXBuildFile; fileRef = B5C1F35A1AB9CBAA004F88CD /* RKDSP.h */; settings = {ATTRIBUTES = (Public, ); }; };
		B5C1F3641AB9CD34004F88CD /* RKRawDataRecorder.h in Headers */ = {isa = PBXBuildFile; fileRef = B5C1F3631AB9CD34004F88CD /* RKRawDataRecorder.h */; settings = {ATTRIBUTES = (Public, ); }; };
		B5DD6F271E1F400E00FAE2E3 /* RKClock.h in Headers */ = {isa = PBXBuildFile; fileRef = B5DD6F261E1F400E00FAE2E3 /* RKClock.h */; };
		B5DDE7E41E1AB57700C5D16D /* RKMultiLag.h in Headers */ = {isa = PBXBuildFile; fileRef = B5DDE7E31E1AB57700C5D16D /* RKMultiLag.h */; };
		B5DFFDC1222DB43D005CF6B3 /* rknchead.c in Sources */ = {isa = PBXBuildFile; fileRef = B5DFFDB5222DB40E005CF6B3 /* rknchead.c */; };
		B5DFFDC2222DB5FA005CF6B3 /* libRadarKit.a in Frameworks */ = {isa = PBXBuildFile; fileRef = B5324D4F1AB8A5A000C00517 /* libRadarKit.a */; };
		B5E6D94C1E1C4A1200DFBBA9 /* RKPosition.h in Headers */ = {isa = PBXBuildFile; fileRef = B5E6D94B1E1C4A1200DFBBA9 /* RKPosition.h */; };
		B5E6D9511E1C617A00DFBBA9 /* RKPedestalPedzy.h in Headers */ = {isa = PBXBuildFile; fileRef = B5E6D9501E1C617A00DFBBA9 /* RKPedestalPedzy.h */; };
		B5E7CB12210A4AD100D381ED /* rktest.c in Sources */ = {isa = PBXBuildFile; fileRef = B5E7CB11210A4AD100D381ED /* rktest.c */; };
		B5E7CB14210A4AD800D381ED /* simple-emulator.c in Sources */ = {isa = PBXBuildFile; fileRef = B5E7CB13210A4AD800D381ED /* simple-emulator.c */; };
		B5EBAA031E9C8D20006AE027 /* RKRadarRelay.h in Headers */ = {isa = PBXBuildFile; fileRef = B5EBAA021E9C8D20006AE027 /* RKRadarRelay.h */; };
		B5EE832C20DFB9D400681E29 /* RKProductFile.c in Sources */ = {isa = PBXBuildFile; fileRef = B5EE832B20DFB9D400681E29 /* RKProductFile.c */; };
		B5F5AE3B1DBF994200CF643F /* RKTest.h in Headers */ = {isa = PBXBuildFile; fileRef = B5F5AE3A1DBF994200CF643F /* RKTest.h */; };
		B5FAD8D220DE943B00E0A767 /* RKProduct.h in Headers */ = {isa = PBXBuildFile; fileRef = B5FAD8D120DE943B00E0A767 /* RKProduct.h */; };
		B5FAD8D420DE945500E0A767 /* RKProduct.c in Sources */ = {isa = PBXBuildFile; fileRef = B5FAD8D320DE945500E0A767 /* RKProduct.c */; };
		B5FFD47B1FB0B5C600319453 /* RKRawDataRecorder.c in Sources */ = {isa = PBXBuildFile; fileRef = B5FFD45E1FB0B5C200319453 /* RKRawDataRecorder.c */; };
		B5FFD47C1FB0B5C600319453 /* RKMultiLag.c in Sources */ = {isa = PBXBuildFile; fileRef = B5FFD45F1FB0B5C200319453 /* RKMultiLag.c */; };
		B5FFD47E1FB0B5C600319453 /* RKWaveform.c in Sources */ = {isa = PBXBuildFile; fileRef = B5FFD4611FB0B5C200319453 /* RKWaveform.c */; };
		B5FFD47F1FB0B5C600319453 /* RKClient.c in Sources */ = {isa = PBXBuildFile; fileRef = B5FFD4621FB0B5C300319453 /* RKClient.c */; };
		B5FFD4801FB0B5C600319453 /* RKRadarRelay.c in Sources */ = {isa = PBXBuildFile; fileRef = B5FFD4631FB0B5C300319453 /* RKRadarRelay.c */; };
		B5FFD4811FB0B5C600319453 /* RKFoundation.c in Sources */ = {isa = PBXBuildFile; fileRef = B5FFD4641FB0B5C300319453 /* RKFoundation.c */; };
		B5FFD4821FB0B5C600319453 /* RKServer.c in Sources */ = {isa = PBXBuildFile; fileRef = B5FFD4651FB0B5C300319453 /* RKServer.c */; };
		B5FFD4831FB0B5C600319453 /* RKHealthRelayTweeta.c in Sources */ = {isa = PBXBuildFile; fileRef = B5FFD4661FB0B5C300319453 /* RKHealthRelayTweeta.c */; };
		B5FFD4841FB0B5C600319453 /* RKPulsePair.c in Sources */ = {isa = PBXBuildFile; fileRef = B5FFD4671FB0B5C300319453 /* RKPulsePair.c */; };
		B5FFD4851FB0B5C600319453 /* RKRadar.c in Sources */ = {isa = PBXBuildFile; fileRef = B5FFD4681FB0B5C300319453 /* RKRadar.c */; };
		B5FFD4861FB0B5C600319453 /* RKPulseCompression.c in Sources */ = {isa = PBXBuildFile; fileRef = B5FFD4691FB0B5C400319453 /* RKPulseCompression.c */; };
		B5FFD4871FB0B5C600319453 /* RKDSP.c in Sources */ = {isa = PBXBuildFile; fileRef = B5FFD46A1FB0B5C400319453 /* RKDSP.c */; };
		B5FFD4881FB0B5C600319453 /* RKMoment.c in Sources */ = {isa = PBXBuildFile; fileRef = B5FFD46B1FB0B5C400319453 /* RKMoment.c */; };
		B5FFD4891FB0B5C600319453 /* RKHealth.c in Sources */ = {isa = PBXBuildFile; fileRef = B5FFD46C1FB0B5C400319453 /* RKHealth.c */; };
		B5FFD48A1FB0B5C600319453 /* RKNetwork.c in Sources */ = {isa = PBXBuildFile; fileRef = B5FFD46D1FB0B5C400319453 /* RKNetwork.c */; };
		B5FFD48B1FB0B5C600319453 /* RKSweep.c in Sources */ = {isa = PBXBuildFile; fileRef = B5FFD46E1FB0B5C400319453 /* RKSweep.c */; };
		B5FFD48C1FB0B5C600319453 /* RKHealthLogger.c in Sources */ = {isa = PBXBuildFile; fileRef = B5FFD46F1FB0B5C500319453 /* RKHealthLogger.c */; };
		B5FFD48D1FB0B5C600319453 /* RKPreference.c in Sources */ = {isa = PBXBuildFile; fileRef = B5FFD4701FB0B5C500319453 /* RKPreference.c */; };
		B5FFD48E1FB0B5C600319453 /* RKSIMD.c in Sources */ = {isa = PBXBuildFile; fileRef = B5FFD4711FB0B5C500319453 /* RKSIMD.c */; };
		B5FFD48F1FB0B5C600319453 /* RKTest.c in Sources */ = {isa = PBXBuildFile; fileRef = B5FFD4721FB0B5C500319453 /* RKTest.c */; };
		B5FFD4901FB0B5C600319453 /* RKCommandCenter.c in Sources */ = {isa = PBXBuildFile; fileRef = B5FFD4731FB0B5C500319453 /* RKCommandCenter.c */; };
		B5FFD4911FB0B5C600319453 /* RKPosition.c in Sources */ = {isa = PBXBuildFile; fileRef = B5FFD4741FB0B5C500319453 /* RKPosition.c */; };
		B5FFD4921FB0B5C600319453 /* RKWindow.c in Sources */ = {isa = PBXBuildFile; fileRef = B5FFD4751FB0B5C600319453 /* RKWindow.c */; };
		B5FFD4931FB0B5C600319453 /* RKFileManager.c in Sources */ = {isa = PBXBuildFile; fileRef = B5FFD4761FB0B5C600319453 /* RKFileManager.c */; };
		B5FFD4951FB0B5C600319453 /* RKPedestalPedzy.c in Sources */ = {isa = PBXBuildFile; fileRef = B5FFD4781FB0B5C600319453 /* RKPedestalPedzy.c */; };
		B5FFD4961FB0B5C600319453 /* RKClock.c in Sources */ = {isa = PBXBuildFile; fileRef = B5FFD4791FB0B5C600319453 /* RKClock.c */; };
		B5FFD4971FB0B5C600319453 /* RKConfig.c in Sources */ = {isa = PBXBuildFile; fileRef = B5FFD47A1FB0B5C600319453 /* RKConfig.c */; };
/* End PBXBuildFile section */

/* Begin PBXCopyFilesBuildPhase section */
		B56AB0A820A8826900E73AE9 /* CopyFiles */ = {
			isa = PBXCopyFilesBuildPhase;
			buildActionMask = 2147483647;
			dstPath = /usr/share/man/man1/;
			dstSubfolderSpec = 0;
			files = (
			);
			runOnlyForDeploymentPostprocessing = 1;
		};
		B5C1F3421AB9C118004F88CD /* CopyFiles */ = {
			isa = PBXCopyFilesBuildPhase;
			buildActionMask = 2147483647;
			dstPath = /usr/share/man/man1/;
			dstSubfolderSpec = 0;
			files = (
			);
			runOnlyForDeploymentPostprocessing = 1;
		};
		B5DFFDB8222DB42E005CF6B3 /* CopyFiles */ = {
			isa = PBXCopyFilesBuildPhase;
			buildActionMask = 2147483647;
			dstPath = /usr/share/man/man1/;
			dstSubfolderSpec = 0;
			files = (
			);
			runOnlyForDeploymentPostprocessing = 1;
		};
/* End PBXCopyFilesBuildPhase section */

/* Begin PBXFileReference section */
		B50276A61E3CF20D002C46B1 /* RKHealth.h */ = {isa = PBXFileReference; fileEncoding = 4; lastKnownFileType = sourcecode.c.h; name = RKHealth.h; path = headers/RadarKit/RKHealth.h; sourceTree = SOURCE_ROOT; };
		B50276AA1E3CFC19002C46B1 /* RKHealthRelayTweeta.h */ = {isa = PBXFileReference; fileEncoding = 4; lastKnownFileType = sourcecode.c.h; lineEnding = 0; name = RKHealthRelayTweeta.h; path = headers/RadarKit/RKHealthRelayTweeta.h; sourceTree = "<group>"; xcLanguageSpecificationIdentifier = xcode.lang.objcpp; };
		B508EA751FB7AAB900A6A83C /* RKPulseRingFilter.h */ = {isa = PBXFileReference; fileEncoding = 4; lastKnownFileType = sourcecode.c.h; name = RKPulseRingFilter.h; path = headers/RadarKit/RKPulseRingFilter.h; sourceTree = "<group>"; };
		B508EA771FB7AAD500A6A83C /* RKPulseRingFilter.c */ = {isa = PBXFileReference; fileEncoding = 4; lastKnownFileType = sourcecode.c.c; name = RKPulseRingFilter.c; path = source/RKPulseRingFilter.c; sourceTree = "<group>"; };
		B525FEF31FB0B6A400C5195C /* RKMisc.c */ = {isa = PBXFileReference; fileEncoding = 4; lastKnownFileType = sourcecode.c.c; name = RKMisc.c; path = source/RKMisc.c; sourceTree = "<group>"; };
		B525FEF51FB0B6B800C5195C /* RadarKit.c */ = {isa = PBXFileReference; fileEncoding = 4; lastKnownFileType = sourcecode.c.c; name = RadarKit.c; path = source/RadarKit.c; sourceTree = "<group>"; };
		B528D9611E74EE8100A7328F /* RKFileManager.h */ = {isa = PBXFileReference; fileEncoding = 4; lastKnownFileType = sourcecode.c.h; name = RKFileManager.h; path = headers/RadarKit/RKFileManager.h; sourceTree = "<group>"; };
		B52E45C21D91749C00FC1113 /* RKMoment.h */ = {isa = PBXFileReference; fileEncoding = 4; lastKnownFileType = sourcecode.c.h; name = RKMoment.h; path = headers/RadarKit/RKMoment.h; sourceTree = "<group>"; };
		B5324D4F1AB8A5A000C00517 /* libRadarKit.a */ = {isa = PBXFileReference; explicitFileType = archive.ar; includeInIndex = 0; path = libRadarKit.a; sourceTree = BUILT_PRODUCTS_DIR; };
		B5324D8B1AB8CC4200C00517 /* Makefile */ = {isa = PBXFileReference; fileEncoding = 4; lastKnownFileType = sourcecode.make; lineEnding = 0; path = Makefile; sourceTree = "<group>"; usesTabs = 1; xcLanguageSpecificationIdentifier = "<none>"; };
		B5324DDA1AB8D9F100C00517 /* RKClient.h */ = {isa = PBXFileReference; lastKnownFileType = sourcecode.c.h; name = RKClient.h; path = headers/RadarKit/RKClient.h; sourceTree = "<group>"; };
		B5324DDB1AB8D9F100C00517 /* RKFoundation.h */ = {isa = PBXFileReference; lastKnownFileType = sourcecode.c.h; lineEnding = 0; name = RKFoundation.h; path = headers/RadarKit/RKFoundation.h; sourceTree = "<group>"; xcLanguageSpecificationIdentifier = xcode.lang.objcpp; };
		B5324DDC1AB8D9F100C00517 /* RKNetwork.h */ = {isa = PBXFileReference; lastKnownFileType = sourcecode.c.h; name = RKNetwork.h; path = headers/RadarKit/RKNetwork.h; sourceTree = "<group>"; };
		B5324DDD1AB8D9F100C00517 /* RKRadar.h */ = {isa = PBXFileReference; lastKnownFileType = sourcecode.c.h; lineEnding = 0; name = RKRadar.h; path = headers/RadarKit/RKRadar.h; sourceTree = "<group>"; xcLanguageSpecificationIdentifier = xcode.lang.objcpp; };
		B5324DDE1AB8D9F100C00517 /* RKServer.h */ = {isa = PBXFileReference; lastKnownFileType = sourcecode.c.h; name = RKServer.h; path = headers/RadarKit/RKServer.h; sourceTree = "<group>"; };
		B5324DDF1AB8D9F100C00517 /* RKTypes.h */ = {isa = PBXFileReference; lastKnownFileType = sourcecode.c.h; lineEnding = 0; name = RKTypes.h; path = headers/RadarKit/RKTypes.h; sourceTree = "<group>"; xcLanguageSpecificationIdentifier = xcode.lang.objcpp; };
		B536146A1DC533F500DA5F70 /* README.md */ = {isa = PBXFileReference; fileEncoding = 4; lastKnownFileType = net.daringfireball.markdown; path = README.md; sourceTree = "<group>"; };
		B5377DC52041C18C00972E41 /* RKHostMonitor.h */ = {isa = PBXFileReference; fileEncoding = 4; lastKnownFileType = sourcecode.c.h; name = RKHostMonitor.h; path = headers/RadarKit/RKHostMonitor.h; sourceTree = "<group>"; };
		B5377DC72041C1B900972E41 /* RKHostMonitor.c */ = {isa = PBXFileReference; fileEncoding = 4; lastKnownFileType = sourcecode.c.c; name = RKHostMonitor.c; path = source/RKHostMonitor.c; sourceTree = "<group>"; };
		B53AE7EC1D88824400364467 /* RKMisc.h */ = {isa = PBXFileReference; fileEncoding = 4; lastKnownFileType = sourcecode.c.h; name = RKMisc.h; path = headers/RadarKit/RKMisc.h; sourceTree = "<group>"; };
		B548350F216B9E280066FA0D /* RKSpectralMoment.h */ = {isa = PBXFileReference; fileEncoding = 4; lastKnownFileType = sourcecode.c.h; name = RKSpectralMoment.h; path = headers/RadarKit/RKSpectralMoment.h; sourceTree = "<group>"; };
		B5483511216B9E8F0066FA0D /* RKSpectralMoment.c */ = {isa = PBXFileReference; fileEncoding = 4; lastKnownFileType = sourcecode.c.c; name = RKSpectralMoment.c; path = source/RKSpectralMoment.c; sourceTree = "<group>"; };
		B55E437C1DB66682003C40CF /* RKSIMD.h */ = {isa = PBXFileReference; fileEncoding = 4; lastKnownFileType = sourcecode.c.h; lineEnding = 0; name = RKSIMD.h; path = headers/RadarKit/RKSIMD.h; sourceTree = "<group>"; xcLanguageSpecificationIdentifier = xcode.lang.objcpp; };
		B55F5F191E2C8F9600FA8B2E /* RKSweep.h */ = {isa = PBXFileReference; fileEncoding = 4; lastKnownFileType = sourcecode.c.h; name = RKSweep.h; path = headers/RadarKit/RKSweep.h; sourceTree = "<group>"; };
		B55F5F261E2D206300FA8B2E /* RKConfig.h */ = {isa = PBXFileReference; fileEncoding = 4; lastKnownFileType = sourcecode.c.h; name = RKConfig.h; path = headers/RadarKit/RKConfig.h; sourceTree = "<group>"; };
		B565B5341E5A3838000C8503 /* RKPreference.h */ = {isa = PBXFileReference; fileEncoding = 4; lastKnownFileType = sourcecode.c.h; name = RKPreference.h; path = headers/RadarKit/RKPreference.h; sourceTree = "<group>"; };
		B565B5391E5A3948000C8503 /* RKTemplate.c */ = {isa = PBXFileReference; fileEncoding = 4; lastKnownFileType = sourcecode.c.c; name = RKTemplate.c; path = source/RKTemplate.c; sourceTree = SOURCE_ROOT; };
		B565B53C1E5A3988000C8503 /* RKTemplate.h */ = {isa = PBXFileReference; fileEncoding = 4; lastKnownFileType = sourcecode.c.h; name = RKTemplate.h; path = headers/RadarKit/RKTemplate.h; sourceTree = "<group>"; };
		B565B53F1E5A3E23000C8503 /* RKWaveform.h */ = {isa = PBXFileReference; fileEncoding = 4; lastKnownFileType = sourcecode.c.h; lineEnding = 0; name = RKWaveform.h; path = headers/RadarKit/RKWaveform.h; sourceTree = "<group>"; xcLanguageSpecificationIdentifier = xcode.lang.objcpp; };
		B565B5441E5A4623000C8503 /* bessi.c */ = {isa = PBXFileReference; fileEncoding = 4; lastKnownFileType = sourcecode.c.c; name = bessi.c; path = source/bessi.c; sourceTree = "<group>"; };
		B56AB0A520A732DC00E73AE9 /* pref.conf */ = {isa = PBXFileReference; lastKnownFileType = text; path = pref.conf; sourceTree = "<group>"; };
		B56AB0AA20A8826900E73AE9 /* SimpleEmulator */ = {isa = PBXFileReference; explicitFileType = "compiled.mach-o.executable"; includeInIndex = 0; path = SimpleEmulator; sourceTree = BUILT_PRODUCTS_DIR; };
		B59471901D89B4D400EEE77C /* RadarKit.h */ = {isa = PBXFileReference; fileEncoding = 4; lastKnownFileType = sourcecode.c.h; name = RadarKit.h; path = headers/RadarKit.h; sourceTree = "<group>"; };
		B5B2058820E43117007D48E0 /* RKSweepFile.h */ = {isa = PBXFileReference; fileEncoding = 4; lastKnownFileType = sourcecode.c.h; name = RKSweepFile.h; path = headers/RadarKit/RKSweepFile.h; sourceTree = "<group>"; };
		B5B2058A20E43128007D48E0 /* RKSweepFile.c */ = {isa = PBXFileReference; fileEncoding = 4; lastKnownFileType = sourcecode.c.c; name = RKSweepFile.c; path = source/RKSweepFile.c; sourceTree = "<group>"; };
		B5B5196B1DCA87BD00470924 /* RKPulsePair.h */ = {isa = PBXFileReference; fileEncoding = 4; lastKnownFileType = sourcecode.c.h; name = RKPulsePair.h; path = headers/RadarKit/RKPulsePair.h; sourceTree = "<group>"; };
		B5B675571EB0DFAB001BD68D /* RKHealthLogger.h */ = {isa = PBXFileReference; fileEncoding = 4; lastKnownFileType = sourcecode.c.h; name = RKHealthLogger.h; path = headers/RadarKit/RKHealthLogger.h; sourceTree = "<group>"; };
		B5C1F3441AB9C118004F88CD /* RadarKitTest */ = {isa = PBXFileReference; explicitFileType = "compiled.mach-o.executable"; includeInIndex = 0; path = RadarKitTest; sourceTree = BUILT_PRODUCTS_DIR; };
		B5C1F3501AB9C917004F88CD /* RKPulseCompression.h */ = {isa = PBXFileReference; fileEncoding = 4; lastKnownFileType = sourcecode.c.h; lineEnding = 0; name = RKPulseCompression.h; path = headers/RadarKit/RKPulseCompression.h; sourceTree = SOURCE_ROOT; xcLanguageSpecificationIdentifier = xcode.lang.objcpp; };
		B5C1F3551AB9CB69004F88CD /* RKWindow.h */ = {isa = PBXFileReference; fileEncoding = 4; lastKnownFileType = sourcecode.c.h; name = RKWindow.h; path = headers/RadarKit/RKWindow.h; sourceTree = SOURCE_ROOT; };
		B5C1F35A1AB9CBAA004F88CD /* RKDSP.h */ = {isa = PBXFileReference; fileEncoding = 4; lastKnownFileType = sourcecode.c.h; name = RKDSP.h; path = headers/RadarKit/RKDSP.h; sourceTree = SOURCE_ROOT; };
		B5C1F35E1AB9CC48004F88CD /* RKCommandCenter.h */ = {isa = PBXFileReference; fileEncoding = 4; lastKnownFileType = sourcecode.c.h; name = RKCommandCenter.h; path = headers/RadarKit/RKCommandCenter.h; sourceTree = SOURCE_ROOT; };
		B5C1F3631AB9CD34004F88CD /* RKRawDataRecorder.h */ = {isa = PBXFileReference; fileEncoding = 4; lastKnownFileType = sourcecode.c.h; lineEnding = 0; name = RKRawDataRecorder.h; path = headers/RadarKit/RKRawDataRecorder.h; sourceTree = SOURCE_ROOT; xcLanguageSpecificationIdentifier = xcode.lang.objcpp; };
		B5DD6F261E1F400E00FAE2E3 /* RKClock.h */ = {isa = PBXFileReference; fileEncoding = 4; lastKnownFileType = sourcecode.c.h; name = RKClock.h; path = headers/RadarKit/RKClock.h; sourceTree = "<group>"; };
		B5DDE7E31E1AB57700C5D16D /* RKMultiLag.h */ = {isa = PBXFileReference; fileEncoding = 4; lastKnownFileType = sourcecode.c.h; name = RKMultiLag.h; path = headers/RadarKit/RKMultiLag.h; sourceTree = "<group>"; };
		B5DFFDB5222DB40E005CF6B3 /* rknchead.c */ = {isa = PBXFileReference; lastKnownFileType = sourcecode.c.c; path = rknchead.c; sourceTree = SOURCE_ROOT; };
		B5DFFDBA222DB42E005CF6B3 /* ProductHeader */ = {isa = PBXFileReference; explicitFileType = "compiled.mach-o.executable"; includeInIndex = 0; path = ProductHeader; sourceTree = BUILT_PRODUCTS_DIR; };
		B5E6D94B1E1C4A1200DFBBA9 /* RKPosition.h */ = {isa = PBXFileReference; fileEncoding = 4; lastKnownFileType = sourcecode.c.h; name = RKPosition.h; path = headers/RadarKit/RKPosition.h; sourceTree = "<group>"; };
		B5E6D9501E1C617A00DFBBA9 /* RKPedestalPedzy.h */ = {isa = PBXFileReference; fileEncoding = 4; lastKnownFileType = sourcecode.c.h; name = RKPedestalPedzy.h; path = headers/RadarKit/RKPedestalPedzy.h; sourceTree = SOURCE_ROOT; };
		B5E7CB11210A4AD100D381ED /* rktest.c */ = {isa = PBXFileReference; fileEncoding = 4; lastKnownFileType = sourcecode.c.c; path = rktest.c; sourceTree = SOURCE_ROOT; };
		B5E7CB13210A4AD800D381ED /* simple-emulator.c */ = {isa = PBXFileReference; fileEncoding = 4; lastKnownFileType = sourcecode.c.c; path = "simple-emulator.c"; sourceTree = SOURCE_ROOT; };
		B5E7CB15210D155B00D381ED /* scripts */ = {isa = PBXFileReference; lastKnownFileType = folder; path = scripts; sourceTree = "<group>"; };
		B5EBAA021E9C8D20006AE027 /* RKRadarRelay.h */ = {isa = PBXFileReference; fileEncoding = 4; lastKnownFileType = sourcecode.c.h; name = RKRadarRelay.h; path = headers/RadarKit/RKRadarRelay.h; sourceTree = "<group>"; };
		B5EE832B20DFB9D400681E29 /* RKProductFile.c */ = {isa = PBXFileReference; fileEncoding = 4; lastKnownFileType = sourcecode.c.c; name = RKProductFile.c; path = source/RKProductFile.c; sourceTree = "<group>"; };
		B5EE832D20DFBC4F00681E29 /* RKProductFile.h */ = {isa = PBXFileReference; fileEncoding = 4; lastKnownFileType = sourcecode.c.h; name = RKProductFile.h; path = headers/RadarKit/RKProductFile.h; sourceTree = "<group>"; };
		B5F5AE3A1DBF994200CF643F /* RKTest.h */ = {isa = PBXFileReference; fileEncoding = 4; lastKnownFileType = sourcecode.c.h; name = RKTest.h; path = headers/RadarKit/RKTest.h; sourceTree = "<group>"; };
		B5FAD8D120DE943B00E0A767 /* RKProduct.h */ = {isa = PBXFileReference; fileEncoding = 4; lastKnownFileType = sourcecode.c.h; name = RKProduct.h; path = headers/RadarKit/RKProduct.h; sourceTree = "<group>"; };
		B5FAD8D320DE945500E0A767 /* RKProduct.c */ = {isa = PBXFileReference; fileEncoding = 4; lastKnownFileType = sourcecode.c.c; name = RKProduct.c; path = source/RKProduct.c; sourceTree = "<group>"; };
		B5FFD45E1FB0B5C200319453 /* RKRawDataRecorder.c */ = {isa = PBXFileReference; fileEncoding = 4; lastKnownFileType = sourcecode.c.c; name = RKRawDataRecorder.c; path = source/RKRawDataRecorder.c; sourceTree = "<group>"; };
		B5FFD45F1FB0B5C200319453 /* RKMultiLag.c */ = {isa = PBXFileReference; fileEncoding = 4; lastKnownFileType = sourcecode.c.c; name = RKMultiLag.c; path = source/RKMultiLag.c; sourceTree = "<group>"; };
		B5FFD4611FB0B5C200319453 /* RKWaveform.c */ = {isa = PBXFileReference; fileEncoding = 4; lastKnownFileType = sourcecode.c.c; name = RKWaveform.c; path = source/RKWaveform.c; sourceTree = "<group>"; };
		B5FFD4621FB0B5C300319453 /* RKClient.c */ = {isa = PBXFileReference; fileEncoding = 4; lastKnownFileType = sourcecode.c.c; name = RKClient.c; path = source/RKClient.c; sourceTree = "<group>"; };
		B5FFD4631FB0B5C300319453 /* RKRadarRelay.c */ = {isa = PBXFileReference; fileEncoding = 4; lastKnownFileType = sourcecode.c.c; name = RKRadarRelay.c; path = source/RKRadarRelay.c; sourceTree = "<group>"; };
		B5FFD4641FB0B5C300319453 /* RKFoundation.c */ = {isa = PBXFileReference; fileEncoding = 4; lastKnownFileType = sourcecode.c.c; name = RKFoundation.c; path = source/RKFoundation.c; sourceTree = "<group>"; };
		B5FFD4651FB0B5C300319453 /* RKServer.c */ = {isa = PBXFileReference; fileEncoding = 4; lastKnownFileType = sourcecode.c.c; name = RKServer.c; path = source/RKServer.c; sourceTree = "<group>"; };
		B5FFD4661FB0B5C300319453 /* RKHealthRelayTweeta.c */ = {isa = PBXFileReference; fileEncoding = 4; lastKnownFileType = sourcecode.c.c; name = RKHealthRelayTweeta.c; path = source/RKHealthRelayTweeta.c; sourceTree = "<group>"; };
		B5FFD4671FB0B5C300319453 /* RKPulsePair.c */ = {isa = PBXFileReference; fileEncoding = 4; lastKnownFileType = sourcecode.c.c; name = RKPulsePair.c; path = source/RKPulsePair.c; sourceTree = "<group>"; };
		B5FFD4681FB0B5C300319453 /* RKRadar.c */ = {isa = PBXFileReference; fileEncoding = 4; lastKnownFileType = sourcecode.c.c; name = RKRadar.c; path = source/RKRadar.c; sourceTree = "<group>"; };
		B5FFD4691FB0B5C400319453 /* RKPulseCompression.c */ = {isa = PBXFileReference; fileEncoding = 4; lastKnownFileType = sourcecode.c.c; name = RKPulseCompression.c; path = source/RKPulseCompression.c; sourceTree = "<group>"; };
		B5FFD46A1FB0B5C400319453 /* RKDSP.c */ = {isa = PBXFileReference; fileEncoding = 4; lastKnownFileType = sourcecode.c.c; name = RKDSP.c; path = source/RKDSP.c; sourceTree = "<group>"; };
		B5FFD46B1FB0B5C400319453 /* RKMoment.c */ = {isa = PBXFileReference; fileEncoding = 4; lastKnownFileType = sourcecode.c.c; name = RKMoment.c; path = source/RKMoment.c; sourceTree = "<group>"; };
		B5FFD46C1FB0B5C400319453 /* RKHealth.c */ = {isa = PBXFileReference; fileEncoding = 4; lastKnownFileType = sourcecode.c.c; name = RKHealth.c; path = source/RKHealth.c; sourceTree = "<group>"; };
		B5FFD46D1FB0B5C400319453 /* RKNetwork.c */ = {isa = PBXFileReference; fileEncoding = 4; lastKnownFileType = sourcecode.c.c; name = RKNetwork.c; path = source/RKNetwork.c; sourceTree = "<group>"; };
		B5FFD46E1FB0B5C400319453 /* RKSweep.c */ = {isa = PBXFileReference; fileEncoding = 4; lastKnownFileType = sourcecode.c.c; name = RKSweep.c; path = source/RKSweep.c; sourceTree = "<group>"; };
		B5FFD46F1FB0B5C500319453 /* RKHealthLogger.c */ = {isa = PBXFileReference; fileEncoding = 4; lastKnownFileType = sourcecode.c.c; name = RKHealthLogger.c; path = source/RKHealthLogger.c; sourceTree = "<group>"; };
		B5FFD4701FB0B5C500319453 /* RKPreference.c */ = {isa = PBXFileReference; fileEncoding = 4; lastKnownFileType = sourcecode.c.c; name = RKPreference.c; path = source/RKPreference.c; sourceTree = "<group>"; };
		B5FFD4711FB0B5C500319453 /* RKSIMD.c */ = {isa = PBXFileReference; fileEncoding = 4; lastKnownFileType = sourcecode.c.c; name = RKSIMD.c; path = source/RKSIMD.c; sourceTree = "<group>"; };
		B5FFD4721FB0B5C500319453 /* RKTest.c */ = {isa = PBXFileReference; fileEncoding = 4; lastKnownFileType = sourcecode.c.c; name = RKTest.c; path = source/RKTest.c; sourceTree = "<group>"; };
		B5FFD4731FB0B5C500319453 /* RKCommandCenter.c */ = {isa = PBXFileReference; fileEncoding = 4; lastKnownFileType = sourcecode.c.c; name = RKCommandCenter.c; path = source/RKCommandCenter.c; sourceTree = "<group>"; };
		B5FFD4741FB0B5C500319453 /* RKPosition.c */ = {isa = PBXFileReference; fileEncoding = 4; lastKnownFileType = sourcecode.c.c; name = RKPosition.c; path = source/RKPosition.c; sourceTree = "<group>"; };
		B5FFD4751FB0B5C600319453 /* RKWindow.c */ = {isa = PBXFileReference; fileEncoding = 4; lastKnownFileType = sourcecode.c.c; name = RKWindow.c; path = source/RKWindow.c; sourceTree = "<group>"; };
		B5FFD4761FB0B5C600319453 /* RKFileManager.c */ = {isa = PBXFileReference; fileEncoding = 4; lastKnownFileType = sourcecode.c.c; name = RKFileManager.c; path = source/RKFileManager.c; sourceTree = "<group>"; };
		B5FFD4781FB0B5C600319453 /* RKPedestalPedzy.c */ = {isa = PBXFileReference; fileEncoding = 4; lastKnownFileType = sourcecode.c.c; name = RKPedestalPedzy.c; path = source/RKPedestalPedzy.c; sourceTree = "<group>"; };
		B5FFD4791FB0B5C600319453 /* RKClock.c */ = {isa = PBXFileReference; fileEncoding = 4; lastKnownFileType = sourcecode.c.c; name = RKClock.c; path = source/RKClock.c; sourceTree = "<group>"; };
		B5FFD47A1FB0B5C600319453 /* RKConfig.c */ = {isa = PBXFileReference; fileEncoding = 4; lastKnownFileType = sourcecode.c.c; name = RKConfig.c; path = source/RKConfig.c; sourceTree = "<group>"; };
/* End PBXFileReference section */

/* Begin PBXFrameworksBuildPhase section */
		B5324D4C1AB8A5A000C00517 /* Frameworks */ = {
			isa = PBXFrameworksBuildPhase;
			buildActionMask = 2147483647;
			files = (
			);
			runOnlyForDeploymentPostprocessing = 0;
		};
		B56AB0A720A8826900E73AE9 /* Frameworks */ = {
			isa = PBXFrameworksBuildPhase;
			buildActionMask = 2147483647;
			files = (
				B56A750B20BB01C500E8B6E9 /* libRadarKit.a in Frameworks */,
			);
			runOnlyForDeploymentPostprocessing = 0;
		};
		B5C1F3411AB9C118004F88CD /* Frameworks */ = {
			isa = PBXFrameworksBuildPhase;
			buildActionMask = 2147483647;
			files = (
				B508EA721FB3FC6500A6A83C /* libRadarKit.a in Frameworks */,
			);
			runOnlyForDeploymentPostprocessing = 0;
		};
		B5DFFDB7222DB42E005CF6B3 /* Frameworks */ = {
			isa = PBXFrameworksBuildPhase;
			buildActionMask = 2147483647;
			files = (
				B5DFFDC2222DB5FA005CF6B3 /* libRadarKit.a in Frameworks */,
			);
			runOnlyForDeploymentPostprocessing = 0;
		};
/* End PBXFrameworksBuildPhase section */

/* Begin PBXGroup section */
		B508EA711FB3FC6500A6A83C /* Frameworks */ = {
			isa = PBXGroup;
			children = (
			);
			name = Frameworks;
			sourceTree = "<group>";
		};
		B50A813F1AB89B6200E12E1F = {
			isa = PBXGroup;
			children = (
				B536146A1DC533F500DA5F70 /* README.md */,
				B5324D8B1AB8CC4200C00517 /* Makefile */,
				B56AB0A520A732DC00E73AE9 /* pref.conf */,
				B565B53E1E5A3A39000C8503 /* Template */,
				B5324D8D1AB8CCEE00C00517 /* Headers */,
				B5FFD45B1FB0B59B00319453 /* Source */,
				B565B5431E5A4605000C8503 /* Imported */,
				B5C1F3451AB9C118004F88CD /* Programs */,
				B56AB0AB20A8826900E73AE9 /* SimpleEmulator */,
				B5E7CB15210D155B00D381ED /* scripts */,
				B5324D501AB8A5A000C00517 /* Products */,
				B508EA711FB3FC6500A6A83C /* Frameworks */,
			);
			sourceTree = "<group>";
		};
		B5324D501AB8A5A000C00517 /* Products */ = {
			isa = PBXGroup;
			children = (
				B5324D4F1AB8A5A000C00517 /* libRadarKit.a */,
				B5C1F3441AB9C118004F88CD /* RadarKitTest */,
				B56AB0AA20A8826900E73AE9 /* SimpleEmulator */,
				B5DFFDBA222DB42E005CF6B3 /* ProductHeader */,
			);
			name = Products;
			sourceTree = "<group>";
		};
		B5324D8D1AB8CCEE00C00517 /* Headers */ = {
			isa = PBXGroup;
			children = (
				B5324DDF1AB8D9F100C00517 /* RKTypes.h */,
				B53AE7EC1D88824400364467 /* RKMisc.h */,
				B5324DDB1AB8D9F100C00517 /* RKFoundation.h */,
				B55E437C1DB66682003C40CF /* RKSIMD.h */,
				B5DD6F261E1F400E00FAE2E3 /* RKClock.h */,
				B55F5F261E2D206300FA8B2E /* RKConfig.h */,
				B5324DDC1AB8D9F100C00517 /* RKNetwork.h */,
				B5C1F3551AB9CB69004F88CD /* RKWindow.h */,
				B5C1F35A1AB9CBAA004F88CD /* RKDSP.h */,
				B565B53F1E5A3E23000C8503 /* RKWaveform.h */,
				B5324DDA1AB8D9F100C00517 /* RKClient.h */,
				B5324DDE1AB8D9F100C00517 /* RKServer.h */,
				B5E6D94B1E1C4A1200DFBBA9 /* RKPosition.h */,
				B5E6D9501E1C617A00DFBBA9 /* RKPedestalPedzy.h */,
				B5C1F3501AB9C917004F88CD /* RKPulseCompression.h */,
				B508EA751FB7AAB900A6A83C /* RKPulseRingFilter.h */,
				B5B5196B1DCA87BD00470924 /* RKPulsePair.h */,
				B5DDE7E31E1AB57700C5D16D /* RKMultiLag.h */,
				B548350F216B9E280066FA0D /* RKSpectralMoment.h */,
				B52E45C21D91749C00FC1113 /* RKMoment.h */,
				B55F5F191E2C8F9600FA8B2E /* RKSweep.h */,
				B5B2058820E43117007D48E0 /* RKSweepFile.h */,
				B5FAD8D120DE943B00E0A767 /* RKProduct.h */,
				B5EE832D20DFBC4F00681E29 /* RKProductFile.h */,
				B5C1F3631AB9CD34004F88CD /* RKRawDataRecorder.h */,
				B50276A61E3CF20D002C46B1 /* RKHealth.h */,
				B5B675571EB0DFAB001BD68D /* RKHealthLogger.h */,
				B50276AA1E3CFC19002C46B1 /* RKHealthRelayTweeta.h */,
				B565B5341E5A3838000C8503 /* RKPreference.h */,
				B5324DDD1AB8D9F100C00517 /* RKRadar.h */,
				B5C1F35E1AB9CC48004F88CD /* RKCommandCenter.h */,
				B528D9611E74EE8100A7328F /* RKFileManager.h */,
				B5EBAA021E9C8D20006AE027 /* RKRadarRelay.h */,
				B5F5AE3A1DBF994200CF643F /* RKTest.h */,
				B5377DC52041C18C00972E41 /* RKHostMonitor.h */,
				B59471901D89B4D400EEE77C /* RadarKit.h */,
			);
			name = Headers;
			sourceTree = "<group>";
		};
		B565B53E1E5A3A39000C8503 /* Template */ = {
			isa = PBXGroup;
			children = (
				B565B53C1E5A3988000C8503 /* RKTemplate.h */,
				B565B5391E5A3948000C8503 /* RKTemplate.c */,
			);
			name = Template;
			sourceTree = "<group>";
		};
		B565B5431E5A4605000C8503 /* Imported */ = {
			isa = PBXGroup;
			children = (
				B565B5441E5A4623000C8503 /* bessi.c */,
			);
			name = Imported;
			sourceTree = "<group>";
		};
		B56AB0AB20A8826900E73AE9 /* SimpleEmulator */ = {
			isa = PBXGroup;
			children = (
				B5E7CB13210A4AD800D381ED /* simple-emulator.c */,
			);
			path = SimpleEmulator;
			sourceTree = "<group>";
		};
		B5C1F3451AB9C118004F88CD /* Programs */ = {
			isa = PBXGroup;
			children = (
				B5E7CB11210A4AD100D381ED /* rktest.c */,
				B5DFFDB5222DB40E005CF6B3 /* rknchead.c */,
			);
			path = Programs;
			sourceTree = "<group>";
		};
		B5FFD45B1FB0B59B00319453 /* Source */ = {
			isa = PBXGroup;
			children = (
				B525FEF31FB0B6A400C5195C /* RKMisc.c */,
				B5FFD4641FB0B5C300319453 /* RKFoundation.c */,
				B5FFD4711FB0B5C500319453 /* RKSIMD.c */,
				B5FFD4791FB0B5C600319453 /* RKClock.c */,
				B5FFD47A1FB0B5C600319453 /* RKConfig.c */,
				B5FFD46D1FB0B5C400319453 /* RKNetwork.c */,
				B5FFD4751FB0B5C600319453 /* RKWindow.c */,
				B5FFD46A1FB0B5C400319453 /* RKDSP.c */,
				B5FFD4611FB0B5C200319453 /* RKWaveform.c */,
				B5FFD4621FB0B5C300319453 /* RKClient.c */,
				B5FFD4651FB0B5C300319453 /* RKServer.c */,
				B5FFD4741FB0B5C500319453 /* RKPosition.c */,
				B5FFD4781FB0B5C600319453 /* RKPedestalPedzy.c */,
				B5FFD4691FB0B5C400319453 /* RKPulseCompression.c */,
				B508EA771FB7AAD500A6A83C /* RKPulseRingFilter.c */,
				B5FFD4671FB0B5C300319453 /* RKPulsePair.c */,
				B5FFD45F1FB0B5C200319453 /* RKMultiLag.c */,
				B5483511216B9E8F0066FA0D /* RKSpectralMoment.c */,
				B5FFD46B1FB0B5C400319453 /* RKMoment.c */,
				B5FFD46E1FB0B5C400319453 /* RKSweep.c */,
				B5B2058A20E43128007D48E0 /* RKSweepFile.c */,
				B5FAD8D320DE945500E0A767 /* RKProduct.c */,
				B5EE832B20DFB9D400681E29 /* RKProductFile.c */,
				B5FFD45E1FB0B5C200319453 /* RKRawDataRecorder.c */,
				B5FFD46C1FB0B5C400319453 /* RKHealth.c */,
				B5FFD46F1FB0B5C500319453 /* RKHealthLogger.c */,
				B5FFD4661FB0B5C300319453 /* RKHealthRelayTweeta.c */,
				B5FFD4701FB0B5C500319453 /* RKPreference.c */,
				B5FFD4681FB0B5C300319453 /* RKRadar.c */,
				B5FFD4731FB0B5C500319453 /* RKCommandCenter.c */,
				B5FFD4761FB0B5C600319453 /* RKFileManager.c */,
				B5FFD4631FB0B5C300319453 /* RKRadarRelay.c */,
				B5FFD4721FB0B5C500319453 /* RKTest.c */,
				B5377DC72041C1B900972E41 /* RKHostMonitor.c */,
				B525FEF51FB0B6B800C5195C /* RadarKit.c */,
			);
			name = Source;
			sourceTree = "<group>";
		};
/* End PBXGroup section */

/* Begin PBXHeadersBuildPhase section */
		B5324D4D1AB8A5A000C00517 /* Headers */ = {
			isa = PBXHeadersBuildPhase;
			buildActionMask = 2147483647;
			files = (
				B5377DC62041C18C00972E41 /* RKHostMonitor.h in Headers */,
				B5324DE11AB8DA0800C00517 /* RKClient.h in Headers */,
				B5324DE21AB8DA0800C00517 /* RKFoundation.h in Headers */,
				B5324DE31AB8DA0800C00517 /* RKNetwork.h in Headers */,
				B5C1F3531AB9C917004F88CD /* RKPulseCompression.h in Headers */,
				B5DD6F271E1F400E00FAE2E3 /* RKClock.h in Headers */,
				B5C1F3581AB9CB69004F88CD /* RKWindow.h in Headers */,
				B5B5196C1DCA87BD00470924 /* RKPulsePair.h in Headers */,
				B5C1F3641AB9CD34004F88CD /* RKRawDataRecorder.h in Headers */,
				B50276A71E3CF20D002C46B1 /* RKHealth.h in Headers */,
				B5C1F35D1AB9CBAA004F88CD /* RKDSP.h in Headers */,
				B5FAD8D220DE943B00E0A767 /* RKProduct.h in Headers */,
				B5E6D9511E1C617A00DFBBA9 /* RKPedestalPedzy.h in Headers */,
				B50276AB1E3CFC19002C46B1 /* RKHealthRelayTweeta.h in Headers */,
				B5324DE41AB8DA0800C00517 /* RKRadar.h in Headers */,
				B565B53D1E5A3988000C8503 /* RKTemplate.h in Headers */,
				B5E6D94C1E1C4A1200DFBBA9 /* RKPosition.h in Headers */,
				B565B5401E5A3E23000C8503 /* RKWaveform.h in Headers */,
				B5324DE51AB8DA0800C00517 /* RKServer.h in Headers */,
				B5F5AE3B1DBF994200CF643F /* RKTest.h in Headers */,
				B5DDE7E41E1AB57700C5D16D /* RKMultiLag.h in Headers */,
				B52E45C31D91749C00FC1113 /* RKMoment.h in Headers */,
				B59471911D89B4D400EEE77C /* RadarKit.h in Headers */,
				B528D9621E74EE8100A7328F /* RKFileManager.h in Headers */,
				B53AE7ED1D88824400364467 /* RKMisc.h in Headers */,
				B508EA761FB7AABA00A6A83C /* RKPulseRingFilter.h in Headers */,
				B5483510216B9E280066FA0D /* RKSpectralMoment.h in Headers */,
				B5B675581EB0DFAB001BD68D /* RKHealthLogger.h in Headers */,
				B5EBAA031E9C8D20006AE027 /* RKRadarRelay.h in Headers */,
				B55E437D1DB66682003C40CF /* RKSIMD.h in Headers */,
				B55F5F271E2D206300FA8B2E /* RKConfig.h in Headers */,
				B5B2058920E43118007D48E0 /* RKSweepFile.h in Headers */,
				B5324DE61AB8DA0800C00517 /* RKTypes.h in Headers */,
				B55F5F1A1E2C8F9600FA8B2E /* RKSweep.h in Headers */,
				B565B5351E5A3838000C8503 /* RKPreference.h in Headers */,
			);
			runOnlyForDeploymentPostprocessing = 0;
		};
/* End PBXHeadersBuildPhase section */

/* Begin PBXNativeTarget section */
		B5324D4E1AB8A5A000C00517 /* RadarKit */ = {
			isa = PBXNativeTarget;
			buildConfigurationList = B5324D511AB8A5A000C00517 /* Build configuration list for PBXNativeTarget "RadarKit" */;
			buildPhases = (
				B5324D4B1AB8A5A000C00517 /* Sources */,
				B5324D4C1AB8A5A000C00517 /* Frameworks */,
				B5324D4D1AB8A5A000C00517 /* Headers */,
			);
			buildRules = (
			);
			dependencies = (
			);
			name = RadarKit;
			productName = RadarKit;
			productReference = B5324D4F1AB8A5A000C00517 /* libRadarKit.a */;
			productType = "com.apple.product-type.library.static";
		};
		B56AB0A920A8826900E73AE9 /* SimpleEmulator */ = {
			isa = PBXNativeTarget;
			buildConfigurationList = B56AB0B020A8826A00E73AE9 /* Build configuration list for PBXNativeTarget "SimpleEmulator" */;
			buildPhases = (
				B56AB0A620A8826900E73AE9 /* Sources */,
				B56AB0A720A8826900E73AE9 /* Frameworks */,
				B56AB0A820A8826900E73AE9 /* CopyFiles */,
			);
			buildRules = (
			);
			dependencies = (
			);
			name = SimpleEmulator;
			productName = SimpleEmulator;
			productReference = B56AB0AA20A8826900E73AE9 /* SimpleEmulator */;
			productType = "com.apple.product-type.tool";
		};
		B5C1F3431AB9C118004F88CD /* RadarKitTest */ = {
			isa = PBXNativeTarget;
			buildConfigurationList = B5C1F34A1AB9C118004F88CD /* Build configuration list for PBXNativeTarget "RadarKitTest" */;
			buildPhases = (
				B5C1F3401AB9C118004F88CD /* Sources */,
				B5C1F3411AB9C118004F88CD /* Frameworks */,
				B5C1F3421AB9C118004F88CD /* CopyFiles */,
			);
			buildRules = (
			);
			dependencies = (
			);
			name = RadarKitTest;
			productName = RadarKitTest;
			productReference = B5C1F3441AB9C118004F88CD /* RadarKitTest */;
			productType = "com.apple.product-type.tool";
		};
		B5DFFDB9222DB42E005CF6B3 /* ProductHeader */ = {
			isa = PBXNativeTarget;
			buildConfigurationList = B5DFFDBE222DB42E005CF6B3 /* Build configuration list for PBXNativeTarget "ProductHeader" */;
			buildPhases = (
				B5DFFDB6222DB42E005CF6B3 /* Sources */,
				B5DFFDB7222DB42E005CF6B3 /* Frameworks */,
				B5DFFDB8222DB42E005CF6B3 /* CopyFiles */,
			);
			buildRules = (
			);
			dependencies = (
			);
			name = ProductHeader;
			productName = ProductHeader;
			productReference = B5DFFDBA222DB42E005CF6B3 /* ProductHeader */;
			productType = "com.apple.product-type.tool";
		};
/* End PBXNativeTarget section */

/* Begin PBXProject section */
		B50A81401AB89B6200E12E1F /* Project object */ = {
			isa = PBXProject;
			attributes = {
				CLASSPREFIX = RK;
				LastUpgradeCheck = 0930;
				ORGANIZATIONNAME = "Boon Leng Cheong";
				TargetAttributes = {
					B5324D4E1AB8A5A000C00517 = {
						CreatedOnToolsVersion = 6.1;
					};
					B56AB0A920A8826900E73AE9 = {
						CreatedOnToolsVersion = 9.3.1;
						ProvisioningStyle = Automatic;
					};
					B5C1F3431AB9C118004F88CD = {
						CreatedOnToolsVersion = 6.1;
					};
					B5DFFDB9222DB42E005CF6B3 = {
						CreatedOnToolsVersion = 10.1;
						ProvisioningStyle = Automatic;
					};
				};
			};
			buildConfigurationList = B50A81431AB89B6200E12E1F /* Build configuration list for PBXProject "RadarKit" */;
			compatibilityVersion = "Xcode 3.2";
			developmentRegion = English;
			hasScannedForEncodings = 0;
			knownRegions = (
				en,
			);
			mainGroup = B50A813F1AB89B6200E12E1F;
			productRefGroup = B5324D501AB8A5A000C00517 /* Products */;
			projectDirPath = "";
			projectRoot = "";
			targets = (
				B5324D4E1AB8A5A000C00517 /* RadarKit */,
				B5C1F3431AB9C118004F88CD /* RadarKitTest */,
				B56AB0A920A8826900E73AE9 /* SimpleEmulator */,
				B5DFFDB9222DB42E005CF6B3 /* ProductHeader */,
			);
		};
/* End PBXProject section */

/* Begin PBXSourcesBuildPhase section */
		B5324D4B1AB8A5A000C00517 /* Sources */ = {
			isa = PBXSourcesBuildPhase;
			buildActionMask = 2147483647;
			files = (
				B508EA781FB7AAD500A6A83C /* RKPulseRingFilter.c in Sources */,
				B5FFD48C1FB0B5C600319453 /* RKHealthLogger.c in Sources */,
				B5FFD4811FB0B5C600319453 /* RKFoundation.c in Sources */,
				B5377DC82041C1B900972E41 /* RKHostMonitor.c in Sources */,
				B5FFD47E1FB0B5C600319453 /* RKWaveform.c in Sources */,
				B5FFD4911FB0B5C600319453 /* RKPosition.c in Sources */,
				B5FFD48B1FB0B5C600319453 /* RKSweep.c in Sources */,
				B5FFD4801FB0B5C600319453 /* RKRadarRelay.c in Sources */,
				B5FFD4891FB0B5C600319453 /* RKHealth.c in Sources */,
				B5FFD47B1FB0B5C600319453 /* RKRawDataRecorder.c in Sources */,
				B525FEF41FB0B6A400C5195C /* RKMisc.c in Sources */,
				B5FFD4971FB0B5C600319453 /* RKConfig.c in Sources */,
				B525FEF61FB0B6B800C5195C /* RadarKit.c in Sources */,
				B5FFD4861FB0B5C600319453 /* RKPulseCompression.c in Sources */,
				B5FFD4841FB0B5C600319453 /* RKPulsePair.c in Sources */,
				B5FFD48A1FB0B5C600319453 /* RKNetwork.c in Sources */,
				B5FFD4931FB0B5C600319453 /* RKFileManager.c in Sources */,
				B5FFD4831FB0B5C600319453 /* RKHealthRelayTweeta.c in Sources */,
				B5FFD47F1FB0B5C600319453 /* RKClient.c in Sources */,
				B565B5451E5A4623000C8503 /* bessi.c in Sources */,
				B5FFD48F1FB0B5C600319453 /* RKTest.c in Sources */,
				B5FFD4901FB0B5C600319453 /* RKCommandCenter.c in Sources */,
				B5FFD4881FB0B5C600319453 /* RKMoment.c in Sources */,
				B5FFD4961FB0B5C600319453 /* RKClock.c in Sources */,
				B5FFD4951FB0B5C600319453 /* RKPedestalPedzy.c in Sources */,
				B5FFD48E1FB0B5C600319453 /* RKSIMD.c in Sources */,
				B5B2058B20E43128007D48E0 /* RKSweepFile.c in Sources */,
				B5FFD4871FB0B5C600319453 /* RKDSP.c in Sources */,
				B5FFD47C1FB0B5C600319453 /* RKMultiLag.c in Sources */,
				B5FFD4821FB0B5C600319453 /* RKServer.c in Sources */,
				B5FAD8D420DE945500E0A767 /* RKProduct.c in Sources */,
				B5FFD48D1FB0B5C600319453 /* RKPreference.c in Sources */,
				B5FFD4921FB0B5C600319453 /* RKWindow.c in Sources */,
				B5FFD4851FB0B5C600319453 /* RKRadar.c in Sources */,
				B5EE832C20DFB9D400681E29 /* RKProductFile.c in Sources */,
				B5483512216B9E8F0066FA0D /* RKSpectralMoment.c in Sources */,
			);
			runOnlyForDeploymentPostprocessing = 0;
		};
		B56AB0A620A8826900E73AE9 /* Sources */ = {
			isa = PBXSourcesBuildPhase;
			buildActionMask = 2147483647;
			files = (
				B5E7CB14210A4AD800D381ED /* simple-emulator.c in Sources */,
			);
			runOnlyForDeploymentPostprocessing = 0;
		};
		B5C1F3401AB9C118004F88CD /* Sources */ = {
			isa = PBXSourcesBuildPhase;
			buildActionMask = 2147483647;
			files = (
				B5E7CB12210A4AD100D381ED /* rktest.c in Sources */,
			);
			runOnlyForDeploymentPostprocessing = 0;
		};
		B5DFFDB6222DB42E005CF6B3 /* Sources */ = {
			isa = PBXSourcesBuildPhase;
			buildActionMask = 2147483647;
			files = (
				B5DFFDC1222DB43D005CF6B3 /* rknchead.c in Sources */,
			);
			runOnlyForDeploymentPostprocessing = 0;
		};
/* End PBXSourcesBuildPhase section */

/* Begin XCBuildConfiguration section */
		B50A81441AB89B6200E12E1F /* Debug */ = {
			isa = XCBuildConfiguration;
			buildSettings = {
				CLANG_WARN_BLOCK_CAPTURE_AUTORELEASING = YES;
				CLANG_WARN_BOOL_CONVERSION = YES;
				CLANG_WARN_COMMA = YES;
				CLANG_WARN_CONSTANT_CONVERSION = YES;
				CLANG_WARN_DEPRECATED_OBJC_IMPLEMENTATIONS = YES;
				CLANG_WARN_EMPTY_BODY = YES;
				CLANG_WARN_ENUM_CONVERSION = YES;
				CLANG_WARN_INFINITE_RECURSION = YES;
				CLANG_WARN_INT_CONVERSION = YES;
				CLANG_WARN_NON_LITERAL_NULL_CONVERSION = YES;
				CLANG_WARN_OBJC_IMPLICIT_RETAIN_SELF = YES;
				CLANG_WARN_OBJC_LITERAL_CONVERSION = YES;
				CLANG_WARN_RANGE_LOOP_ANALYSIS = YES;
				CLANG_WARN_STRICT_PROTOTYPES = YES;
				CLANG_WARN_SUSPICIOUS_MOVE = YES;
				CLANG_WARN_UNREACHABLE_CODE = YES;
				CLANG_WARN__DUPLICATE_METHOD_MATCH = YES;
				ENABLE_STRICT_OBJC_MSGSEND = YES;
				ENABLE_TESTABILITY = YES;
				GCC_C_LANGUAGE_STANDARD = gnu99;
				GCC_NO_COMMON_BLOCKS = YES;
				GCC_WARN_64_TO_32_BIT_CONVERSION = YES;
				GCC_WARN_ABOUT_RETURN_TYPE = YES;
				GCC_WARN_UNDECLARED_SELECTOR = YES;
				GCC_WARN_UNINITIALIZED_AUTOS = YES;
				GCC_WARN_UNUSED_FUNCTION = YES;
				GCC_WARN_UNUSED_VARIABLE = YES;
				HEADER_SEARCH_PATHS = (
					"${SRCROOT}/headers",
					/usr/local/include,
					/Applications/Xcode.app/Contents/Developer/Toolchains/XcodeDefault.xctoolchain/usr/include,
				);
				LIBRARY_SEARCH_PATHS = (
					"$(SRCROOT)",
					/usr/local/lib,
				);
				MACOSX_DEPLOYMENT_TARGET = 10.12;
				ONLY_ACTIVE_ARCH = YES;
				OTHER_CFLAGS = (
					"-I",
					/usr/local/include,
					"-I",
					"${SRCROOT}/headers",
					"-fPIC",
					"-mfpmath=sse",
				);
				OTHER_LDFLAGS = (
					"-lfftw3f",
					"-lm",
					"-lnetcdf",
				);
			};
			name = Debug;
		};
		B50A81451AB89B6200E12E1F /* Release */ = {
			isa = XCBuildConfiguration;
			buildSettings = {
				CLANG_WARN_BLOCK_CAPTURE_AUTORELEASING = YES;
				CLANG_WARN_BOOL_CONVERSION = YES;
				CLANG_WARN_COMMA = YES;
				CLANG_WARN_CONSTANT_CONVERSION = YES;
				CLANG_WARN_DEPRECATED_OBJC_IMPLEMENTATIONS = YES;
				CLANG_WARN_EMPTY_BODY = YES;
				CLANG_WARN_ENUM_CONVERSION = YES;
				CLANG_WARN_INFINITE_RECURSION = YES;
				CLANG_WARN_INT_CONVERSION = YES;
				CLANG_WARN_NON_LITERAL_NULL_CONVERSION = YES;
				CLANG_WARN_OBJC_IMPLICIT_RETAIN_SELF = YES;
				CLANG_WARN_OBJC_LITERAL_CONVERSION = YES;
				CLANG_WARN_RANGE_LOOP_ANALYSIS = YES;
				CLANG_WARN_STRICT_PROTOTYPES = YES;
				CLANG_WARN_SUSPICIOUS_MOVE = YES;
				CLANG_WARN_UNREACHABLE_CODE = YES;
				CLANG_WARN__DUPLICATE_METHOD_MATCH = YES;
				ENABLE_STRICT_OBJC_MSGSEND = YES;
				GCC_C_LANGUAGE_STANDARD = gnu99;
				GCC_NO_COMMON_BLOCKS = YES;
				GCC_WARN_64_TO_32_BIT_CONVERSION = YES;
				GCC_WARN_ABOUT_RETURN_TYPE = YES;
				GCC_WARN_UNDECLARED_SELECTOR = YES;
				GCC_WARN_UNINITIALIZED_AUTOS = YES;
				GCC_WARN_UNUSED_FUNCTION = YES;
				GCC_WARN_UNUSED_VARIABLE = YES;
				HEADER_SEARCH_PATHS = (
					"${SRCROOT}/headers",
					/usr/local/include,
					/Applications/Xcode.app/Contents/Developer/Toolchains/XcodeDefault.xctoolchain/usr/include,
				);
				LIBRARY_SEARCH_PATHS = (
					"$(SRCROOT)",
					/usr/local/lib,
				);
				MACOSX_DEPLOYMENT_TARGET = 10.12;
				OTHER_CFLAGS = (
					"-I",
					/usr/local/include,
					"-I",
					"${SRCROOT}/headers",
					"-fPIC",
					"-mfpmath=sse",
				);
				OTHER_LDFLAGS = (
					"-lfftw3f",
					"-lm",
					"-lnetcdf",
				);
			};
			name = Release;
		};
		B5324D521AB8A5A000C00517 /* Debug */ = {
			isa = XCBuildConfiguration;
			buildSettings = {
				ALWAYS_SEARCH_USER_PATHS = YES;
				CLANG_CXX_LANGUAGE_STANDARD = "gnu++0x";
				CLANG_CXX_LIBRARY = "libc++";
				CLANG_ENABLE_MODULES = YES;
				CLANG_ENABLE_OBJC_ARC = YES;
				CLANG_WARN_BOOL_CONVERSION = YES;
				CLANG_WARN_CONSTANT_CONVERSION = YES;
				CLANG_WARN_DIRECT_OBJC_ISA_USAGE = YES_ERROR;
				CLANG_WARN_EMPTY_BODY = YES;
				CLANG_WARN_ENUM_CONVERSION = YES;
				CLANG_WARN_INT_CONVERSION = YES;
				CLANG_WARN_OBJC_ROOT_CLASS = YES_ERROR;
				CLANG_WARN_UNREACHABLE_CODE = YES;
				CLANG_WARN__DUPLICATE_METHOD_MATCH = YES;
				COMBINE_HIDPI_IMAGES = YES;
				COPY_PHASE_STRIP = NO;
				ENABLE_STRICT_OBJC_MSGSEND = YES;
				EXECUTABLE_PREFIX = lib;
				GCC_C_LANGUAGE_STANDARD = gnu99;
				GCC_DYNAMIC_NO_PIC = NO;
				GCC_OPTIMIZATION_LEVEL = 0;
				GCC_PREPROCESSOR_DEFINITIONS = (
					"DEBUG=1",
					"$(inherited)",
				);
				GCC_SYMBOLS_PRIVATE_EXTERN = NO;
				GCC_WARN_64_TO_32_BIT_CONVERSION = YES;
				GCC_WARN_ABOUT_RETURN_TYPE = YES_ERROR;
				GCC_WARN_UNDECLARED_SELECTOR = YES;
				GCC_WARN_UNINITIALIZED_AUTOS = YES_AGGRESSIVE;
				GCC_WARN_UNUSED_FUNCTION = YES;
				GCC_WARN_UNUSED_VARIABLE = YES;
				HEADER_SEARCH_PATHS = "$(inherited)";
				INSTALL_PATH = /lib;
				LIBRARY_SEARCH_PATHS = "$(inherited)";
				MACOSX_DEPLOYMENT_TARGET = 10.12;
				MTL_ENABLE_DEBUG_INFO = YES;
				ONLY_ACTIVE_ARCH = YES;
				OTHER_CFLAGS = "$(inherited)";
				PRODUCT_NAME = "$(TARGET_NAME)";
				PUBLIC_HEADERS_FOLDER_PATH = "/include/$(PROJECT_NAME)";
				SDKROOT = macosx;
			};
			name = Debug;
		};
		B5324D531AB8A5A000C00517 /* Release */ = {
			isa = XCBuildConfiguration;
			buildSettings = {
				ALWAYS_SEARCH_USER_PATHS = YES;
				CLANG_CXX_LANGUAGE_STANDARD = "gnu++0x";
				CLANG_CXX_LIBRARY = "libc++";
				CLANG_ENABLE_MODULES = YES;
				CLANG_ENABLE_OBJC_ARC = YES;
				CLANG_WARN_BOOL_CONVERSION = YES;
				CLANG_WARN_CONSTANT_CONVERSION = YES;
				CLANG_WARN_DIRECT_OBJC_ISA_USAGE = YES_ERROR;
				CLANG_WARN_EMPTY_BODY = YES;
				CLANG_WARN_ENUM_CONVERSION = YES;
				CLANG_WARN_INT_CONVERSION = YES;
				CLANG_WARN_OBJC_ROOT_CLASS = YES_ERROR;
				CLANG_WARN_UNREACHABLE_CODE = YES;
				CLANG_WARN__DUPLICATE_METHOD_MATCH = YES;
				COMBINE_HIDPI_IMAGES = YES;
				COPY_PHASE_STRIP = YES;
				DEBUG_INFORMATION_FORMAT = "dwarf-with-dsym";
				ENABLE_NS_ASSERTIONS = NO;
				ENABLE_STRICT_OBJC_MSGSEND = YES;
				EXECUTABLE_PREFIX = lib;
				GCC_C_LANGUAGE_STANDARD = gnu99;
				GCC_WARN_64_TO_32_BIT_CONVERSION = YES;
				GCC_WARN_ABOUT_RETURN_TYPE = YES_ERROR;
				GCC_WARN_UNDECLARED_SELECTOR = YES;
				GCC_WARN_UNINITIALIZED_AUTOS = YES_AGGRESSIVE;
				GCC_WARN_UNUSED_FUNCTION = YES;
				GCC_WARN_UNUSED_VARIABLE = YES;
				HEADER_SEARCH_PATHS = "$(inherited)";
				INSTALL_PATH = /lib;
				LIBRARY_SEARCH_PATHS = "$(inherited)";
				MACOSX_DEPLOYMENT_TARGET = 10.12;
				MTL_ENABLE_DEBUG_INFO = NO;
				OTHER_CFLAGS = "$(inherited)";
				PRODUCT_NAME = "$(TARGET_NAME)";
				PUBLIC_HEADERS_FOLDER_PATH = "/include/$(PROJECT_NAME)";
				SDKROOT = macosx;
			};
			name = Release;
		};
		B56AB0AE20A8826A00E73AE9 /* Debug */ = {
			isa = XCBuildConfiguration;
			buildSettings = {
				ALWAYS_SEARCH_USER_PATHS = NO;
				CLANG_ANALYZER_NONNULL = YES;
				CLANG_ANALYZER_NUMBER_OBJECT_CONVERSION = YES_AGGRESSIVE;
				CLANG_CXX_LANGUAGE_STANDARD = "gnu++14";
				CLANG_CXX_LIBRARY = "libc++";
				CLANG_ENABLE_MODULES = YES;
				CLANG_ENABLE_OBJC_ARC = YES;
				CLANG_ENABLE_OBJC_WEAK = YES;
				CLANG_WARN_DIRECT_OBJC_ISA_USAGE = YES_ERROR;
				CLANG_WARN_DOCUMENTATION_COMMENTS = YES;
				CLANG_WARN_OBJC_ROOT_CLASS = YES_ERROR;
				CLANG_WARN_UNGUARDED_AVAILABILITY = YES_AGGRESSIVE;
				CODE_SIGN_IDENTITY = "-";
				CODE_SIGN_STYLE = Automatic;
				COPY_PHASE_STRIP = NO;
				DEBUG_INFORMATION_FORMAT = dwarf;
				GCC_C_LANGUAGE_STANDARD = gnu11;
				GCC_DYNAMIC_NO_PIC = NO;
				GCC_OPTIMIZATION_LEVEL = 0;
				GCC_PREPROCESSOR_DEFINITIONS = (
					"DEBUG=1",
					"$(inherited)",
				);
				GCC_WARN_ABOUT_RETURN_TYPE = YES_ERROR;
				GCC_WARN_UNINITIALIZED_AUTOS = YES_AGGRESSIVE;
				MACOSX_DEPLOYMENT_TARGET = 10.13;
				MTL_ENABLE_DEBUG_INFO = YES;
				PRODUCT_NAME = "$(TARGET_NAME)";
				SDKROOT = macosx;
			};
			name = Debug;
		};
		B56AB0AF20A8826A00E73AE9 /* Release */ = {
			isa = XCBuildConfiguration;
			buildSettings = {
				ALWAYS_SEARCH_USER_PATHS = NO;
				CLANG_ANALYZER_NONNULL = YES;
				CLANG_ANALYZER_NUMBER_OBJECT_CONVERSION = YES_AGGRESSIVE;
				CLANG_CXX_LANGUAGE_STANDARD = "gnu++14";
				CLANG_CXX_LIBRARY = "libc++";
				CLANG_ENABLE_MODULES = YES;
				CLANG_ENABLE_OBJC_ARC = YES;
				CLANG_ENABLE_OBJC_WEAK = YES;
				CLANG_WARN_DIRECT_OBJC_ISA_USAGE = YES_ERROR;
				CLANG_WARN_DOCUMENTATION_COMMENTS = YES;
				CLANG_WARN_OBJC_ROOT_CLASS = YES_ERROR;
				CLANG_WARN_UNGUARDED_AVAILABILITY = YES_AGGRESSIVE;
				CODE_SIGN_IDENTITY = "-";
				CODE_SIGN_STYLE = Automatic;
				COPY_PHASE_STRIP = NO;
				DEBUG_INFORMATION_FORMAT = "dwarf-with-dsym";
				ENABLE_NS_ASSERTIONS = NO;
				GCC_C_LANGUAGE_STANDARD = gnu11;
				GCC_WARN_ABOUT_RETURN_TYPE = YES_ERROR;
				GCC_WARN_UNINITIALIZED_AUTOS = YES_AGGRESSIVE;
				MACOSX_DEPLOYMENT_TARGET = 10.13;
				MTL_ENABLE_DEBUG_INFO = NO;
				PRODUCT_NAME = "$(TARGET_NAME)";
				SDKROOT = macosx;
			};
			name = Release;
		};
		B5C1F3481AB9C118004F88CD /* Debug */ = {
			isa = XCBuildConfiguration;
			buildSettings = {
				ALWAYS_SEARCH_USER_PATHS = NO;
				CLANG_CXX_LANGUAGE_STANDARD = "gnu++0x";
				CLANG_CXX_LIBRARY = "libc++";
				CLANG_ENABLE_MODULES = YES;
				CLANG_ENABLE_OBJC_ARC = YES;
				CLANG_WARN_BOOL_CONVERSION = YES;
				CLANG_WARN_CONSTANT_CONVERSION = YES;
				CLANG_WARN_DIRECT_OBJC_ISA_USAGE = YES_ERROR;
				CLANG_WARN_EMPTY_BODY = YES;
				CLANG_WARN_ENUM_CONVERSION = YES;
				CLANG_WARN_INT_CONVERSION = YES;
				CLANG_WARN_OBJC_ROOT_CLASS = YES_ERROR;
				CLANG_WARN_UNREACHABLE_CODE = YES;
				CLANG_WARN__DUPLICATE_METHOD_MATCH = YES;
				COPY_PHASE_STRIP = NO;
				ENABLE_STRICT_OBJC_MSGSEND = YES;
				GCC_C_LANGUAGE_STANDARD = gnu99;
				GCC_DYNAMIC_NO_PIC = NO;
				GCC_OPTIMIZATION_LEVEL = 0;
				GCC_PREPROCESSOR_DEFINITIONS = (
					"DEBUG=1",
					"$(inherited)",
				);
				GCC_SYMBOLS_PRIVATE_EXTERN = NO;
				GCC_WARN_64_TO_32_BIT_CONVERSION = YES;
				GCC_WARN_ABOUT_RETURN_TYPE = YES_ERROR;
				GCC_WARN_UNDECLARED_SELECTOR = YES;
				GCC_WARN_UNINITIALIZED_AUTOS = YES_AGGRESSIVE;
				GCC_WARN_UNUSED_FUNCTION = YES;
				GCC_WARN_UNUSED_VARIABLE = YES;
				HEADER_SEARCH_PATHS = "$(inherited)";
				LIBRARY_SEARCH_PATHS = "$(inherited)";
				MACOSX_DEPLOYMENT_TARGET = 10.13;
				MTL_ENABLE_DEBUG_INFO = YES;
				ONLY_ACTIVE_ARCH = YES;
				OTHER_CFLAGS = "$(inherited)";
				PRODUCT_NAME = "$(TARGET_NAME)";
				SDKROOT = macosx;
			};
			name = Debug;
		};
		B5C1F3491AB9C118004F88CD /* Release */ = {
			isa = XCBuildConfiguration;
			buildSettings = {
				ALWAYS_SEARCH_USER_PATHS = NO;
				CLANG_CXX_LANGUAGE_STANDARD = "gnu++0x";
				CLANG_CXX_LIBRARY = "libc++";
				CLANG_ENABLE_MODULES = YES;
				CLANG_ENABLE_OBJC_ARC = YES;
				CLANG_WARN_BOOL_CONVERSION = YES;
				CLANG_WARN_CONSTANT_CONVERSION = YES;
				CLANG_WARN_DIRECT_OBJC_ISA_USAGE = YES_ERROR;
				CLANG_WARN_EMPTY_BODY = YES;
				CLANG_WARN_ENUM_CONVERSION = YES;
				CLANG_WARN_INT_CONVERSION = YES;
				CLANG_WARN_OBJC_ROOT_CLASS = YES_ERROR;
				CLANG_WARN_UNREACHABLE_CODE = YES;
				CLANG_WARN__DUPLICATE_METHOD_MATCH = YES;
				COPY_PHASE_STRIP = YES;
				DEBUG_INFORMATION_FORMAT = "dwarf-with-dsym";
				ENABLE_NS_ASSERTIONS = NO;
				ENABLE_STRICT_OBJC_MSGSEND = YES;
				GCC_C_LANGUAGE_STANDARD = gnu99;
				GCC_WARN_64_TO_32_BIT_CONVERSION = YES;
				GCC_WARN_ABOUT_RETURN_TYPE = YES_ERROR;
				GCC_WARN_UNDECLARED_SELECTOR = YES;
				GCC_WARN_UNINITIALIZED_AUTOS = YES_AGGRESSIVE;
				GCC_WARN_UNUSED_FUNCTION = YES;
				GCC_WARN_UNUSED_VARIABLE = YES;
				HEADER_SEARCH_PATHS = "$(inherited)";
				LIBRARY_SEARCH_PATHS = "$(inherited)";
				MACOSX_DEPLOYMENT_TARGET = 10.13;
				MTL_ENABLE_DEBUG_INFO = NO;
				OTHER_CFLAGS = "$(inherited)";
				PRODUCT_NAME = "$(TARGET_NAME)";
				SDKROOT = macosx;
			};
			name = Release;
		};
		B5DFFDBF222DB42E005CF6B3 /* Debug */ = {
			isa = XCBuildConfiguration;
			buildSettings = {
				ALWAYS_SEARCH_USER_PATHS = NO;
				CLANG_ANALYZER_NONNULL = YES;
				CLANG_ANALYZER_NUMBER_OBJECT_CONVERSION = YES_AGGRESSIVE;
				CLANG_CXX_LANGUAGE_STANDARD = "gnu++14";
				CLANG_CXX_LIBRARY = "libc++";
				CLANG_ENABLE_MODULES = YES;
				CLANG_ENABLE_OBJC_ARC = YES;
				CLANG_ENABLE_OBJC_WEAK = YES;
				CLANG_WARN_DIRECT_OBJC_ISA_USAGE = YES_ERROR;
				CLANG_WARN_DOCUMENTATION_COMMENTS = YES;
				CLANG_WARN_OBJC_ROOT_CLASS = YES_ERROR;
				CLANG_WARN_UNGUARDED_AVAILABILITY = YES_AGGRESSIVE;
				CODE_SIGN_IDENTITY = "-";
				CODE_SIGN_STYLE = Automatic;
				COPY_PHASE_STRIP = NO;
				DEBUG_INFORMATION_FORMAT = dwarf;
				GCC_C_LANGUAGE_STANDARD = gnu11;
				GCC_DYNAMIC_NO_PIC = NO;
				GCC_OPTIMIZATION_LEVEL = 0;
				GCC_PREPROCESSOR_DEFINITIONS = (
					"DEBUG=1",
					"$(inherited)",
				);
				GCC_WARN_ABOUT_RETURN_TYPE = YES_ERROR;
				GCC_WARN_UNINITIALIZED_AUTOS = YES_AGGRESSIVE;
				MACOSX_DEPLOYMENT_TARGET = 10.14;
				MTL_ENABLE_DEBUG_INFO = INCLUDE_SOURCE;
				MTL_FAST_MATH = YES;
				PRODUCT_NAME = "$(TARGET_NAME)";
				SDKROOT = macosx;
			};
			name = Debug;
		};
		B5DFFDC0222DB42E005CF6B3 /* Release */ = {
			isa = XCBuildConfiguration;
			buildSettings = {
				ALWAYS_SEARCH_USER_PATHS = NO;
				CLANG_ANALYZER_NONNULL = YES;
				CLANG_ANALYZER_NUMBER_OBJECT_CONVERSION = YES_AGGRESSIVE;
				CLANG_CXX_LANGUAGE_STANDARD = "gnu++14";
				CLANG_CXX_LIBRARY = "libc++";
				CLANG_ENABLE_MODULES = YES;
				CLANG_ENABLE_OBJC_ARC = YES;
				CLANG_ENABLE_OBJC_WEAK = YES;
				CLANG_WARN_DIRECT_OBJC_ISA_USAGE = YES_ERROR;
				CLANG_WARN_DOCUMENTATION_COMMENTS = YES;
				CLANG_WARN_OBJC_ROOT_CLASS = YES_ERROR;
				CLANG_WARN_UNGUARDED_AVAILABILITY = YES_AGGRESSIVE;
				CODE_SIGN_IDENTITY = "-";
				CODE_SIGN_STYLE = Automatic;
				COPY_PHASE_STRIP = NO;
				DEBUG_INFORMATION_FORMAT = "dwarf-with-dsym";
				ENABLE_NS_ASSERTIONS = NO;
				GCC_C_LANGUAGE_STANDARD = gnu11;
				GCC_WARN_ABOUT_RETURN_TYPE = YES_ERROR;
				GCC_WARN_UNINITIALIZED_AUTOS = YES_AGGRESSIVE;
				MACOSX_DEPLOYMENT_TARGET = 10.14;
				MTL_ENABLE_DEBUG_INFO = NO;
				MTL_FAST_MATH = YES;
				PRODUCT_NAME = "$(TARGET_NAME)";
				SDKROOT = macosx;
			};
			name = Release;
		};
/* End XCBuildConfiguration section */

/* Begin XCConfigurationList section */
		B50A81431AB89B6200E12E1F /* Build configuration list for PBXProject "RadarKit" */ = {
			isa = XCConfigurationList;
			buildConfigurations = (
				B50A81441AB89B6200E12E1F /* Debug */,
				B50A81451AB89B6200E12E1F /* Release */,
			);
			defaultConfigurationIsVisible = 0;
			defaultConfigurationName = Release;
		};
		B5324D511AB8A5A000C00517 /* Build configuration list for PBXNativeTarget "RadarKit" */ = {
			isa = XCConfigurationList;
			buildConfigurations = (
				B5324D521AB8A5A000C00517 /* Debug */,
				B5324D531AB8A5A000C00517 /* Release */,
			);
			defaultConfigurationIsVisible = 0;
			defaultConfigurationName = Release;
		};
		B56AB0B020A8826A00E73AE9 /* Build configuration list for PBXNativeTarget "SimpleEmulator" */ = {
			isa = XCConfigurationList;
			buildConfigurations = (
				B56AB0AE20A8826A00E73AE9 /* Debug */,
				B56AB0AF20A8826A00E73AE9 /* Release */,
			);
			defaultConfigurationIsVisible = 0;
			defaultConfigurationName = Release;
		};
		B5C1F34A1AB9C118004F88CD /* Build configuration list for PBXNativeTarget "RadarKitTest" */ = {
			isa = XCConfigurationList;
			buildConfigurations = (
				B5C1F3481AB9C118004F88CD /* Debug */,
				B5C1F3491AB9C118004F88CD /* Release */,
			);
			defaultConfigurationIsVisible = 0;
			defaultConfigurationName = Release;
		};
		B5DFFDBE222DB42E005CF6B3 /* Build configuration list for PBXNativeTarget "ProductHeader" */ = {
			isa = XCConfigurationList;
			buildConfigurations = (
				B5DFFDBF222DB42E005CF6B3 /* Debug */,
				B5DFFDC0222DB42E005CF6B3 /* Release */,
			);
			defaultConfigurationIsVisible = 0;
			defaultConfigurationName = Release;
		};
/* End XCConfigurationList section */
	};
	rootObject = B50A81401AB89B6200E12E1F /* Project object */;
}
